
Microsoft Visual Studio Solution File, Format Version 12.00
# Visual Studio Version 17
VisualStudioVersion = 17.2.32616.157
MinimumVisualStudioVersion = 10.0.40219.1
Project("{2150E333-8FDC-42A3-9474-1A3956D46DE8}") = "Solution Items", "Solution Items", "{18994CA5-B634-477B-9AF2-1A126E2D469E}"
	ProjectSection(SolutionItems) = preProject
		src\docker-compose.override.yml = src\docker-compose.override.yml
		src\docker-compose.yml = src\docker-compose.yml
		global.json = global.json
		README.md = README.md
	EndProjectSection
EndProject
Project("{2150E333-8FDC-42A3-9474-1A3956D46DE8}") = "src", "src", "{6F7C02AE-FB86-40FB-BFDA-601659FE9588}"
EndProject
Project("{2150E333-8FDC-42A3-9474-1A3956D46DE8}") = "tests", "tests", "{E83D00E1-D7F3-4935-AF76-3C59EE438EC6}"
EndProject
Project("{2150E333-8FDC-42A3-9474-1A3956D46DE8}") = "ApiGateways", "ApiGateways", "{536D70EF-FA8F-4931-A3C6-8DF3D430A92A}"
EndProject
Project("{2150E333-8FDC-42A3-9474-1A3956D46DE8}") = "BuildingBlocks", "BuildingBlocks", "{B8A753D2-5A43-4AA6-A74A-DE8552F3F390}"
EndProject
Project("{2150E333-8FDC-42A3-9474-1A3956D46DE8}") = "Services", "Services", "{8B886417-884D-449F-AFEF-8F8894FF8C30}"
EndProject
Project("{2150E333-8FDC-42A3-9474-1A3956D46DE8}") = "WebApps", "WebApps", "{ACF4DE8E-93AA-4213-9001-AFED00F95FC4}"
EndProject
Project("{2150E333-8FDC-42A3-9474-1A3956D46DE8}") = "Basket", "Basket", "{28E4F8B4-EAD7-41F9-BCD0-307F6A14E0AC}"
EndProject
Project("{2150E333-8FDC-42A3-9474-1A3956D46DE8}") = "Customer", "Customer", "{8ACFBC67-E099-44FD-8C95-E34FF56932D5}"
EndProject
Project("{2150E333-8FDC-42A3-9474-1A3956D46DE8}") = "Inventory", "Inventory", "{47A1042D-3970-4831-9B34-092CF2E356FB}"
EndProject
Project("{2150E333-8FDC-42A3-9474-1A3956D46DE8}") = "Ordering", "Ordering", "{84DF4067-F582-40CD-A1FC-2115BD1E766E}"
EndProject
Project("{2150E333-8FDC-42A3-9474-1A3956D46DE8}") = "Product", "Product", "{100D556C-6558-4F75-B343-E84A24C66C77}"
EndProject
Project("{2150E333-8FDC-42A3-9474-1A3956D46DE8}") = "ScheduledJob", "ScheduledJob", "{B38FF458-AE10-475C-A7D9-6A0D25058E1C}"
EndProject
Project("{FAE04EC0-301F-11D3-BF4B-00C04F79EFBC}") = "BVMINH.BASE.WebApps.WebHealthStatus", "src\WebApps\BVMINH.BASE.WebApps.WebHealthStatus\BVMINH.BASE.WebApps.WebHealthStatus.csproj", "{AE4E1DD3-1B8E-4359-95EE-0B5711B328D6}"
EndProject
Project("{FAE04EC0-301F-11D3-BF4B-00C04F79EFBC}") = "BVMINH.BASE.Services.Basket.API", "src\Services\BVMINH.BASE.Services.Basket.API\BVMINH.BASE.Services.Basket.API.csproj", "{068DC6DB-677E-4AD5-B0D8-74AD572FCC59}"
EndProject
Project("{FAE04EC0-301F-11D3-BF4B-00C04F79EFBC}") = "BVMINH.BASE.Services.Customer.API", "src\Services\BVMINH.BASE.Services.Customer.API\BVMINH.BASE.Services.Customer.API.csproj", "{178E41EC-BDD4-461E-9CD4-A0319E669FB1}"
EndProject
Project("{FAE04EC0-301F-11D3-BF4B-00C04F79EFBC}") = "BVMINH.BASE.Services.Inventory.API", "src\Services\BVMINH.BASE.Services.Inventory.API\BVMINH.BASE.Services.Inventory.API.csproj", "{7E704F38-9439-47B9-AD2B-D910B23545BA}"
EndProject
Project("{FAE04EC0-301F-11D3-BF4B-00C04F79EFBC}") = "BVMINH.BASE.Services.Ordering.API", "src\Services\BVMINH.BASE.Services.Ordering.API\BVMINH.BASE.Services.Ordering.API.csproj", "{E284FDB7-FF0B-4513-9776-5BE0C30ABA3B}"
EndProject
Project("{FAE04EC0-301F-11D3-BF4B-00C04F79EFBC}") = "BVMINH.BASE.Services.Product.API", "src\Services\BVMINH.BASE.Services.Product.API\BVMINH.BASE.Services.Product.API.csproj", "{FF72D63F-316E-4A31-8093-9B3A2A65A0C5}"
EndProject
Project("{FAE04EC0-301F-11D3-BF4B-00C04F79EFBC}") = "BVMINH.BASE.Services.HangFire.API", "src\Services\BVMINH.BASE.Services.HangFire.API\BVMINH.BASE.Services.HangFire.API.csproj", "{11FCA78A-DC30-4AF1-B703-1A1748C55806}"
EndProject
Project("{FAE04EC0-301F-11D3-BF4B-00C04F79EFBC}") = "BVMINH.BASE.BuildingBlocks.Common.Logging", "src\BuildingBlocks\BVMINH.BASE.BuildingBlocks.Common.Logging\BVMINH.BASE.BuildingBlocks.Common.Logging.csproj", "{44DFFE0A-7AB0-49C2-BF6E-C4B1E72B967B}"
EndProject
Project("{FAE04EC0-301F-11D3-BF4B-00C04F79EFBC}") = "BVMINH.BASE.BuildingBlocks.EventBus.Messages", "src\BuildingBlocks\BVMINH.BASE.BuildingBlocks.EventBus.Messages\BVMINH.BASE.BuildingBlocks.EventBus.Messages.csproj", "{6616EF5A-EF64-46B6-B3D6-C9D07159E6AC}"
EndProject
Project("{FAE04EC0-301F-11D3-BF4B-00C04F79EFBC}") = "BVMINH.BASE.BuildingBlocks.Contracts", "src\BuildingBlocks\BVMINH.BASE.BuildingBlocks.Contracts\BVMINH.BASE.BuildingBlocks.Contracts.csproj", "{24C2314C-3F30-4A99-B136-D405DE7799FC}"
EndProject
Project("{FAE04EC0-301F-11D3-BF4B-00C04F79EFBC}") = "BVMINH.BASE.BuildingBlocks.Infrastructure", "src\BuildingBlocks\BVMINH.BASE.BuildingBlocks.Infrastructure\BVMINH.BASE.BuildingBlocks.Infrastructure.csproj", "{77912740-998A-4113-AD4B-426B23BAB053}"
EndProject
Project("{FAE04EC0-301F-11D3-BF4B-00C04F79EFBC}") = "BVMINH.BASE.BuildingBlocks.Shared", "src\BuildingBlocks\BVMINH.BASE.BuildingBlocks.Shared\BVMINH.BASE.BuildingBlocks.Shared.csproj", "{63164E42-58CF-4E66-9C81-13BAEA32EC19}"
EndProject
Project("{FAE04EC0-301F-11D3-BF4B-00C04F79EFBC}") = "BVMINH.BASE.ApiGateways.OcelotApiGw", "src\ApiGateways\BVMINH.BASE.ApiGateways.OcelotApiGw\BVMINH.BASE.ApiGateways.OcelotApiGw.csproj", "{70CAE7C5-8E80-4A18-90DE-9E41CE29C564}"
EndProject
Global
	GlobalSection(SolutionConfigurationPlatforms) = preSolution
		Debug|Any CPU = Debug|Any CPU
		Release|Any CPU = Release|Any CPU
	EndGlobalSection
	GlobalSection(ProjectConfigurationPlatforms) = postSolution
		{AE4E1DD3-1B8E-4359-95EE-0B5711B328D6}.Debug|Any CPU.ActiveCfg = Debug|Any CPU
		{AE4E1DD3-1B8E-4359-95EE-0B5711B328D6}.Debug|Any CPU.Build.0 = Debug|Any CPU
		{AE4E1DD3-1B8E-4359-95EE-0B5711B328D6}.Release|Any CPU.ActiveCfg = Release|Any CPU
		{AE4E1DD3-1B8E-4359-95EE-0B5711B328D6}.Release|Any CPU.Build.0 = Release|Any CPU
		{068DC6DB-677E-4AD5-B0D8-74AD572FCC59}.Debug|Any CPU.ActiveCfg = Debug|Any CPU
		{068DC6DB-677E-4AD5-B0D8-74AD572FCC59}.Debug|Any CPU.Build.0 = Debug|Any CPU
		{068DC6DB-677E-4AD5-B0D8-74AD572FCC59}.Release|Any CPU.ActiveCfg = Release|Any CPU
		{068DC6DB-677E-4AD5-B0D8-74AD572FCC59}.Release|Any CPU.Build.0 = Release|Any CPU
		{178E41EC-BDD4-461E-9CD4-A0319E669FB1}.Debug|Any CPU.ActiveCfg = Debug|Any CPU
		{178E41EC-BDD4-461E-9CD4-A0319E669FB1}.Debug|Any CPU.Build.0 = Debug|Any CPU
		{178E41EC-BDD4-461E-9CD4-A0319E669FB1}.Release|Any CPU.ActiveCfg = Release|Any CPU
		{178E41EC-BDD4-461E-9CD4-A0319E669FB1}.Release|Any CPU.Build.0 = Release|Any CPU
		{7E704F38-9439-47B9-AD2B-D910B23545BA}.Debug|Any CPU.ActiveCfg = Debug|Any CPU
		{7E704F38-9439-47B9-AD2B-D910B23545BA}.Debug|Any CPU.Build.0 = Debug|Any CPU
		{7E704F38-9439-47B9-AD2B-D910B23545BA}.Release|Any CPU.ActiveCfg = Release|Any CPU
		{7E704F38-9439-47B9-AD2B-D910B23545BA}.Release|Any CPU.Build.0 = Release|Any CPU
		{E284FDB7-FF0B-4513-9776-5BE0C30ABA3B}.Debug|Any CPU.ActiveCfg = Debug|Any CPU
		{E284FDB7-FF0B-4513-9776-5BE0C30ABA3B}.Debug|Any CPU.Build.0 = Debug|Any CPU
		{E284FDB7-FF0B-4513-9776-5BE0C30ABA3B}.Release|Any CPU.ActiveCfg = Release|Any CPU
		{E284FDB7-FF0B-4513-9776-5BE0C30ABA3B}.Release|Any CPU.Build.0 = Release|Any CPU
		{FF72D63F-316E-4A31-8093-9B3A2A65A0C5}.Debug|Any CPU.ActiveCfg = Debug|Any CPU
		{FF72D63F-316E-4A31-8093-9B3A2A65A0C5}.Debug|Any CPU.Build.0 = Debug|Any CPU
		{FF72D63F-316E-4A31-8093-9B3A2A65A0C5}.Release|Any CPU.ActiveCfg = Release|Any CPU
		{FF72D63F-316E-4A31-8093-9B3A2A65A0C5}.Release|Any CPU.Build.0 = Release|Any CPU
		{11FCA78A-DC30-4AF1-B703-1A1748C55806}.Debug|Any CPU.ActiveCfg = Debug|Any CPU
		{11FCA78A-DC30-4AF1-B703-1A1748C55806}.Debug|Any CPU.Build.0 = Debug|Any CPU
		{11FCA78A-DC30-4AF1-B703-1A1748C55806}.Release|Any CPU.ActiveCfg = Release|Any CPU
		{11FCA78A-DC30-4AF1-B703-1A1748C55806}.Release|Any CPU.Build.0 = Release|Any CPU
		{44DFFE0A-7AB0-49C2-BF6E-C4B1E72B967B}.Debug|Any CPU.ActiveCfg = Debug|Any CPU
		{44DFFE0A-7AB0-49C2-BF6E-C4B1E72B967B}.Debug|Any CPU.Build.0 = Debug|Any CPU
		{44DFFE0A-7AB0-49C2-BF6E-C4B1E72B967B}.Release|Any CPU.ActiveCfg = Release|Any CPU
		{44DFFE0A-7AB0-49C2-BF6E-C4B1E72B967B}.Release|Any CPU.Build.0 = Release|Any CPU
		{6616EF5A-EF64-46B6-B3D6-C9D07159E6AC}.Debug|Any CPU.ActiveCfg = Debug|Any CPU
		{6616EF5A-EF64-46B6-B3D6-C9D07159E6AC}.Debug|Any CPU.Build.0 = Debug|Any CPU
		{6616EF5A-EF64-46B6-B3D6-C9D07159E6AC}.Release|Any CPU.ActiveCfg = Release|Any CPU
		{6616EF5A-EF64-46B6-B3D6-C9D07159E6AC}.Release|Any CPU.Build.0 = Release|Any CPU
		{24C2314C-3F30-4A99-B136-D405DE7799FC}.Debug|Any CPU.ActiveCfg = Debug|Any CPU
		{24C2314C-3F30-4A99-B136-D405DE7799FC}.Debug|Any CPU.Build.0 = Debug|Any CPU
		{24C2314C-3F30-4A99-B136-D405DE7799FC}.Release|Any CPU.ActiveCfg = Release|Any CPU
		{24C2314C-3F30-4A99-B136-D405DE7799FC}.Release|Any CPU.Build.0 = Release|Any CPU
		{77912740-998A-4113-AD4B-426B23BAB053}.Debug|Any CPU.ActiveCfg = Debug|Any CPU
		{77912740-998A-4113-AD4B-426B23BAB053}.Debug|Any CPU.Build.0 = Debug|Any CPU
		{77912740-998A-4113-AD4B-426B23BAB053}.Release|Any CPU.ActiveCfg = Release|Any CPU
		{77912740-998A-4113-AD4B-426B23BAB053}.Release|Any CPU.Build.0 = Release|Any CPU
		{63164E42-58CF-4E66-9C81-13BAEA32EC19}.Debug|Any CPU.ActiveCfg = Debug|Any CPU
		{63164E42-58CF-4E66-9C81-13BAEA32EC19}.Debug|Any CPU.Build.0 = Debug|Any CPU
		{63164E42-58CF-4E66-9C81-13BAEA32EC19}.Release|Any CPU.ActiveCfg = Release|Any CPU
		{63164E42-58CF-4E66-9C81-13BAEA32EC19}.Release|Any CPU.Build.0 = Release|Any CPU
		{70CAE7C5-8E80-4A18-90DE-9E41CE29C564}.Debug|Any CPU.ActiveCfg = Debug|Any CPU
		{70CAE7C5-8E80-4A18-90DE-9E41CE29C564}.Debug|Any CPU.Build.0 = Debug|Any CPU
		{70CAE7C5-8E80-4A18-90DE-9E41CE29C564}.Release|Any CPU.ActiveCfg = Release|Any CPU
		{70CAE7C5-8E80-4A18-90DE-9E41CE29C564}.Release|Any CPU.Build.0 = Release|Any CPU
	EndGlobalSection
	GlobalSection(SolutionProperties) = preSolution
		HideSolutionNode = FALSE
	EndGlobalSection
	GlobalSection(NestedProjects) = preSolution
		{536D70EF-FA8F-4931-A3C6-8DF3D430A92A} = {6F7C02AE-FB86-40FB-BFDA-601659FE9588}
		{B8A753D2-5A43-4AA6-A74A-DE8552F3F390} = {6F7C02AE-FB86-40FB-BFDA-601659FE9588}
		{8B886417-884D-449F-AFEF-8F8894FF8C30} = {6F7C02AE-FB86-40FB-BFDA-601659FE9588}
		{ACF4DE8E-93AA-4213-9001-AFED00F95FC4} = {6F7C02AE-FB86-40FB-BFDA-601659FE9588}
		{28E4F8B4-EAD7-41F9-BCD0-307F6A14E0AC} = {8B886417-884D-449F-AFEF-8F8894FF8C30}
		{8ACFBC67-E099-44FD-8C95-E34FF56932D5} = {8B886417-884D-449F-AFEF-8F8894FF8C30}
		{47A1042D-3970-4831-9B34-092CF2E356FB} = {8B886417-884D-449F-AFEF-8F8894FF8C30}
		{84DF4067-F582-40CD-A1FC-2115BD1E766E} = {8B886417-884D-449F-AFEF-8F8894FF8C30}
		{100D556C-6558-4F75-B343-E84A24C66C77} = {8B886417-884D-449F-AFEF-8F8894FF8C30}
		{B38FF458-AE10-475C-A7D9-6A0D25058E1C} = {8B886417-884D-449F-AFEF-8F8894FF8C30}
		{AE4E1DD3-1B8E-4359-95EE-0B5711B328D6} = {ACF4DE8E-93AA-4213-9001-AFED00F95FC4}
		{068DC6DB-677E-4AD5-B0D8-74AD572FCC59} = {28E4F8B4-EAD7-41F9-BCD0-307F6A14E0AC}
		{178E41EC-BDD4-461E-9CD4-A0319E669FB1} = {8ACFBC67-E099-44FD-8C95-E34FF56932D5}
		{7E704F38-9439-47B9-AD2B-D910B23545BA} = {47A1042D-3970-4831-9B34-092CF2E356FB}
		{E284FDB7-FF0B-4513-9776-5BE0C30ABA3B} = {84DF4067-F582-40CD-A1FC-2115BD1E766E}
		{FF72D63F-316E-4A31-8093-9B3A2A65A0C5} = {100D556C-6558-4F75-B343-E84A24C66C77}
		{11FCA78A-DC30-4AF1-B703-1A1748C55806} = {B38FF458-AE10-475C-A7D9-6A0D25058E1C}
		{44DFFE0A-7AB0-49C2-BF6E-C4B1E72B967B} = {B8A753D2-5A43-4AA6-A74A-DE8552F3F390}
		{6616EF5A-EF64-46B6-B3D6-C9D07159E6AC} = {B8A753D2-5A43-4AA6-A74A-DE8552F3F390}
		{24C2314C-3F30-4A99-B136-D405DE7799FC} = {B8A753D2-5A43-4AA6-A74A-DE8552F3F390}
		{77912740-998A-4113-AD4B-426B23BAB053} = {B8A753D2-5A43-4AA6-A74A-DE8552F3F390}
		{63164E42-58CF-4E66-9C81-13BAEA32EC19} = {B8A753D2-5A43-4AA6-A74A-DE8552F3F390}
		{70CAE7C5-8E80-4A18-90DE-9E41CE29C564} = {536D70EF-FA8F-4931-A3C6-8DF3D430A92A}
	EndGlobalSection
	GlobalSection(ExtensibilityGlobals) = postSolution
		SolutionGuid = {A1F204DC-D220-4E29-9E44-AD8212660C6C}
	EndGlobalSection
EndGlobal
